
Microsoft Visual Studio Solution File, Format Version 12.00
# Visual Studio Version 17
VisualStudioVersion = 17.14.36915.13 d17.14
MinimumVisualStudioVersion = 10.0.40219.1
Project("{FAE04EC0-301F-11D3-BF4B-00C04F79EFBC}") = "test", "test\test.csproj", "{087E38DF-5C13-4FD6-B444-5520D086B817}"
EndProject
Global
	GlobalSection(SolutionConfigurationPlatforms) = preSolution
		Debug|Any CPU = Debug|Any CPU
		Release|Any CPU = Release|Any CPU
	EndGlobalSection
	GlobalSection(ProjectConfigurationPlatforms) = postSolution
		{087E38DF-5C13-4FD6-B444-5520D086B817}.Debug|Any CPU.ActiveCfg = Debug|Any CPU
		{087E38DF-5C13-4FD6-B444-5520D086B817}.Debug|Any CPU.Build.0 = Debug|Any CPU
		{087E38DF-5C13-4FD6-B444-5520D086B817}.Release|Any CPU.ActiveCfg = Release|Any CPU
		{087E38DF-5C13-4FD6-B444-5520D086B817}.Release|Any CPU.Build.0 = Release|Any CPU
	EndGlobalSection
	GlobalSection(SolutionProperties) = preSolution
		HideSolutionNode = FALSE
	EndGlobalSection
	GlobalSection(ExtensibilityGlobals) = postSolution
		SolutionGuid = {CF012348-74A9-4F29-AFC6-910CDBD2618B}
	EndGlobalSection
EndGlobal
